
Microsoft Visual Studio Solution File, Format Version 12.00
# Visual Studio Version 17
VisualStudioVersion = 17.7.34031.279
MinimumVisualStudioVersion = 10.0.40219.1
Project("{FAE04EC0-301F-11D3-BF4B-00C04F79EFBC}") = "IAmCapybara", "IAmCapybara.csproj", "{C87837DD-6776-4228-A79B-2453AFD5FA23}"
EndProject
Global
	GlobalSection(SolutionConfigurationPlatforms) = preSolution
		Debug|Any CPU = Debug|Any CPU
		Release|Any CPU = Release|Any CPU
	EndGlobalSection
	GlobalSection(ProjectConfigurationPlatforms) = postSolution
		{C87837DD-6776-4228-A79B-2453AFD5FA23}.Debug|Any CPU.ActiveCfg = Debug|Any CPU
		{C87837DD-6776-4228-A79B-2453AFD5FA23}.Debug|Any CPU.Build.0 = Debug|Any CPU
		{C87837DD-6776-4228-A79B-2453AFD5FA23}.Release|Any CPU.ActiveCfg = Release|Any CPU
		{C87837DD-6776-4228-A79B-2453AFD5FA23}.Release|Any CPU.Build.0 = Release|Any CPU
	EndGlobalSection
	GlobalSection(SolutionProperties) = preSolution
		HideSolutionNode = FALSE
	EndGlobalSection
	GlobalSection(ExtensibilityGlobals) = postSolution
		SolutionGuid = {78B72608-080E-4B32-896F-96A39C571C30}
	EndGlobalSection
EndGlobal
